// !$*UTF8*$!
{
	archiveVersion = 1;
	classes = {
	};
	objectVersion = 46;
	objects = {

/* Begin PBXBuildFile section */
		9C63728C1F3F75BE007046AB /* AppDelegate.swift in Sources */ = {isa = PBXBuildFile; fileRef = 9C63728B1F3F75BE007046AB /* AppDelegate.swift */; };
		9C63728E1F3F75BE007046AB /* ViewController.swift in Sources */ = {isa = PBXBuildFile; fileRef = 9C63728D1F3F75BE007046AB /* ViewController.swift */; };
		9C6372931F3F75BE007046AB /* Assets.xcassets in Resources */ = {isa = PBXBuildFile; fileRef = 9C6372921F3F75BE007046AB /* Assets.xcassets */; };
		9C6372961F3F75BE007046AB /* LaunchScreen.storyboard in Resources */ = {isa = PBXBuildFile; fileRef = 9C6372941F3F75BE007046AB /* LaunchScreen.storyboard */; };
		9C63729F1F3F75EF007046AB /* MainViewController.swift in Sources */ = {isa = PBXBuildFile; fileRef = 9C63729D1F3F75EF007046AB /* MainViewController.swift */; };
		9C6372A01F3F75EF007046AB /* MainViewController.xib in Resources */ = {isa = PBXBuildFile; fileRef = 9C63729E1F3F75EF007046AB /* MainViewController.xib */; };
		9C6372A21F3F773C007046AB /* HVD_Comic_Serif_Pro.otf in Resources */ = {isa = PBXBuildFile; fileRef = 9C6372A11F3F773C007046AB /* HVD_Comic_Serif_Pro.otf */; };
/* End PBXBuildFile section */

/* Begin PBXFileReference section */
		9C6372881F3F75BE007046AB /* Askme.app */ = {isa = PBXFileReference; explicitFileType = wrapper.application; includeInIndex = 0; path = Askme.app; sourceTree = BUILT_PRODUCTS_DIR; };
		9C63728B1F3F75BE007046AB /* AppDelegate.swift */ = {isa = PBXFileReference; lastKnownFileType = sourcecode.swift; path = AppDelegate.swift; sourceTree = "<group>"; };
		9C63728D1F3F75BE007046AB /* ViewController.swift */ = {isa = PBXFileReference; lastKnownFileType = sourcecode.swift; path = ViewController.swift; sourceTree = "<group>"; };
		9C6372921F3F75BE007046AB /* Assets.xcassets */ = {isa = PBXFileReference; lastKnownFileType = folder.assetcatalog; path = Assets.xcassets; sourceTree = "<group>"; };
		9C6372951F3F75BE007046AB /* Base */ = {isa = PBXFileReference; lastKnownFileType = file.storyboard; name = Base; path = Base.lproj/LaunchScreen.storyboard; sourceTree = "<group>"; };
		9C6372971F3F75BE007046AB /* Info.plist */ = {isa = PBXFileReference; lastKnownFileType = text.plist.xml; path = Info.plist; sourceTree = "<group>"; };
		9C63729D1F3F75EF007046AB /* MainViewController.swift */ = {isa = PBXFileReference; fileEncoding = 4; lastKnownFileType = sourcecode.swift; name = MainViewController.swift; path = ../MainViewController.swift; sourceTree = "<group>"; };
		9C63729E1F3F75EF007046AB /* MainViewController.xib */ = {isa = PBXFileReference; fileEncoding = 4; lastKnownFileType = file.xib; name = MainViewController.xib; path = ../MainViewController.xib; sourceTree = "<group>"; };
		9C6372A11F3F773C007046AB /* HVD_Comic_Serif_Pro.otf */ = {isa = PBXFileReference; lastKnownFileType = file; name = HVD_Comic_Serif_Pro.otf; path = ../../../../Downloads/add1_assets/Font/HVD_Comic_Serif_Pro.otf; sourceTree = "<group>"; };
/* End PBXFileReference section */

/* Begin PBXFrameworksBuildPhase section */
		9C6372851F3F75BE007046AB /* Frameworks */ = {
			isa = PBXFrameworksBuildPhase;
			buildActionMask = 2147483647;
			files = (
			);
			runOnlyForDeploymentPostprocessing = 0;
		};
/* End PBXFrameworksBuildPhase section */

/* Begin PBXGroup section */
		9C63727F1F3F75BE007046AB = {
			isa = PBXGroup;
			children = (
				9C63728A1F3F75BE007046AB /* Askme */,
				9C6372891F3F75BE007046AB /* Products */,
			);
			sourceTree = "<group>";
		};
		9C6372891F3F75BE007046AB /* Products */ = {
			isa = PBXGroup;
			children = (
				9C6372881F3F75BE007046AB /* Askme.app */,
			);
			name = Products;
			sourceTree = "<group>";
		};
		9C63728A1F3F75BE007046AB /* Askme */ = {
			isa = PBXGroup;
			children = (
				9C6372A11F3F773C007046AB /* HVD_Comic_Serif_Pro.otf */,
				9C63729D1F3F75EF007046AB /* MainViewController.swift */,
				9C63729E1F3F75EF007046AB /* MainViewController.xib */,
				9C63728B1F3F75BE007046AB /* AppDelegate.swift */,
				9C63728D1F3F75BE007046AB /* ViewController.swift */,
				9C6372921F3F75BE007046AB /* Assets.xcassets */,
				9C6372941F3F75BE007046AB /* LaunchScreen.storyboard */,
				9C6372971F3F75BE007046AB /* Info.plist */,
			);
			path = Askme;
			sourceTree = "<group>";
		};
/* End PBXGroup section */

/* Begin PBXNativeTarget section */
		9C6372871F3F75BE007046AB /* Askme */ = {
			isa = PBXNativeTarget;
			buildConfigurationList = 9C63729A1F3F75BE007046AB /* Build configuration list for PBXNativeTarget "Askme" */;
			buildPhases = (
				9C6372841F3F75BE007046AB /* Sources */,
				9C6372851F3F75BE007046AB /* Frameworks */,
				9C6372861F3F75BE007046AB /* Resources */,
			);
			buildRules = (
			);
			dependencies = (
			);
			name = Askme;
			productName = Askme;
			productReference = 9C6372881F3F75BE007046AB /* Askme.app */;
			productType = "com.apple.product-type.application";
		};
/* End PBXNativeTarget section */

/* Begin PBXProject section */
		9C6372801F3F75BE007046AB /* Project object */ = {
			isa = PBXProject;
			attributes = {
				LastSwiftUpdateCheck = 0830;
				LastUpgradeCheck = 0830;
				ORGANIZATIONNAME = com.zarrazvand.Askme;
				TargetAttributes = {
					9C6372871F3F75BE007046AB = {
						CreatedOnToolsVersion = 8.3.3;
						DevelopmentTeam = T5GBPG2G7Z;
						ProvisioningStyle = Automatic;
					};
				};
			};
			buildConfigurationList = 9C6372831F3F75BE007046AB /* Build configuration list for PBXProject "Askme" */;
			compatibilityVersion = "Xcode 3.2";
			developmentRegion = English;
			hasScannedForEncodings = 0;
			knownRegions = (
				en,
				Base,
			);
			mainGroup = 9C63727F1F3F75BE007046AB;
			productRefGroup = 9C6372891F3F75BE007046AB /* Products */;
			projectDirPath = "";
			projectRoot = "";
			targets = (
				9C6372871F3F75BE007046AB /* Askme */,
			);
		};
/* End PBXProject section */

/* Begin PBXResourcesBuildPhase section */
		9C6372861F3F75BE007046AB /* Resources */ = {
			isa = PBXResourcesBuildPhase;
			buildActionMask = 2147483647;
			files = (
				9C6372961F3F75BE007046AB /* LaunchScreen.storyboard in Resources */,
				9C6372A01F3F75EF007046AB /* MainViewController.xib in Resources */,
				9C6372A21F3F773C007046AB /* HVD_Comic_Serif_Pro.otf in Resources */,
				9C6372931F3F75BE007046AB /* Assets.xcassets in Resources */,
			);
			runOnlyForDeploymentPostprocessing = 0;
		};
/* End PBXResourcesBuildPhase section */

/* Begin PBXSourcesBuildPhase section */
		9C6372841F3F75BE007046AB /* Sources */ = {
			isa = PBXSourcesBuildPhase;
			buildActionMask = 2147483647;
			files = (
				9C63729F1F3F75EF007046AB /* MainViewController.swift in Sources */,
				9C63728E1F3F75BE007046AB /* ViewController.swift in Sources */,
				9C63728C1F3F75BE007046AB /* AppDelegate.swift in Sources */,
			);
			runOnlyForDeploymentPostprocessing = 0;
		};
/* End PBXSourcesBuildPhase section */

/* Begin PBXVariantGroup section */
		9C6372941F3F75BE007046AB /* LaunchScreen.storyboard */ = {
			isa = PBXVariantGroup;
			children = (
				9C6372951F3F75BE007046AB /* Base */,
			);
			name = LaunchScreen.storyboard;
			sourceTree = "<group>";
		};
/* End PBXVariantGroup section */

/* Begin XCBuildConfiguration section */
		9C6372981F3F75BE007046AB /* Debug */ = {
			isa = XCBuildConfiguration;
			buildSettings = {
				ALWAYS_SEARCH_USER_PATHS = NO;
				CLANG_ANALYZER_NONNULL = YES;
				CLANG_ANALYZER_NUMBER_OBJECT_CONVERSION = YES_AGGRESSIVE;
				CLANG_CXX_LANGUAGE_STANDARD = "gnu++0x";
				CLANG_CXX_LIBRARY = "libc++";
				CLANG_ENABLE_MODULES = YES;
				CLANG_ENABLE_OBJC_ARC = YES;
				CLANG_WARN_BOOL_CONVERSION = YES;
				CLANG_WARN_CONSTANT_CONVERSION = YES;
				CLANG_WARN_DIRECT_OBJC_ISA_USAGE = YES_ERROR;
				CLANG_WARN_DOCUMENTATION_COMMENTS = YES;
				CLANG_WARN_EMPTY_BODY = YES;
				CLANG_WARN_ENUM_CONVERSION = YES;
				CLANG_WARN_INFINITE_RECURSION = YES;
				CLANG_WARN_INT_CONVERSION = YES;
				CLANG_WARN_OBJC_ROOT_CLASS = YES_ERROR;
				CLANG_WARN_SUSPICIOUS_MOVE = YES;
				CLANG_WARN_UNREACHABLE_CODE = YES;
				CLANG_WARN__DUPLICATE_METHOD_MATCH = YES;
				"CODE_SIGN_IDENTITY[sdk=iphoneos*]" = "iPhone Developer";
				COPY_PHASE_STRIP = NO;
				DEBUG_INFORMATION_FORMAT = dwarf;
				ENABLE_STRICT_OBJC_MSGSEND = YES;
				ENABLE_TESTABILITY = YES;
				GCC_C_LANGUAGE_STANDARD = gnu99;
				GCC_DYNAMIC_NO_PIC = NO;
				GCC_NO_COMMON_BLOCKS = YES;
				GCC_OPTIMIZATION_LEVEL = 0;
				GCC_PREPROCESSOR_DEFINITIONS = (
					"DEBUG=1",
					"$(inherited)",
				);
				GCC_WARN_64_TO_32_BIT_CONVERSION = YES;
				GCC_WARN_ABOUT_RETURN_TYPE = YES_ERROR;
				GCC_WARN_UNDECLARED_SELECTOR = YES;
				GCC_WARN_UNINITIALIZED_AUTOS = YES_AGGRESSIVE;
				GCC_WARN_UNUSED_FUNCTION = YES;
				GCC_WARN_UNUSED_VARIABLE = YES;
				IPHONEOS_DEPLOYMENT_TARGET = 10.3;
				MTL_ENABLE_DEBUG_INFO = YES;
				ONLY_ACTIVE_ARCH = YES;
				SDKROOT = iphoneos;
				SWIFT_ACTIVE_COMPILATION_CONDITIONS = DEBUG;
				SWIFT_OPTIMIZATION_LEVEL = "-Onone";
				TARGETED_DEVICE_FAMILY = "1,2";
			};
			name = Debug;
		};
		9C6372991F3F75BE007046AB /* Release */ = {
			isa = XCBuildConfiguration;
			buildSettings = {
				ALWAYS_SEARCH_USER_PATHS = NO;
				CLANG_ANALYZER_NONNULL = YES;
				CLANG_ANALYZER_NUMBER_OBJECT_CONVERSION = YES_AGGRESSIVE;
				CLANG_CXX_LANGUAGE_STANDARD = "gnu++0x";
				CLANG_CXX_LIBRARY = "libc++";
				CLANG_ENABLE_MODULES = YES;
				CLANG_ENABLE_OBJC_ARC = YES;
				CLANG_WARN_BOOL_CONVERSION = YES;
				CLANG_WARN_CONSTANT_CONVERSION = YES;
				CLANG_WARN_DIRECT_OBJC_ISA_USAGE = YES_ERROR;
				CLANG_WARN_DOCUMENTATION_COMMENTS = YES;
				CLANG_WARN_EMPTY_BODY = YES;
				CLANG_WARN_ENUM_CONVERSION = YES;
				CLANG_WARN_INFINITE_RECURSION = YES;
				CLANG_WARN_INT_CONVERSION = YES;
				CLANG_WARN_OBJC_ROOT_CLASS = YES_ERROR;
				CLANG_WARN_SUSPICIOUS_MOVE = YES;
				CLANG_WARN_UNREACHABLE_CODE = YES;
				CLANG_WARN__DUPLICATE_METHOD_MATCH = YES;
				"CODE_SIGN_IDENTITY[sdk=iphoneos*]" = "iPhone Developer";
				COPY_PHASE_STRIP = NO;
				DEBUG_INFORMATION_FORMAT = "dwarf-with-dsym";
				ENABLE_NS_ASSERTIONS = NO;
				ENABLE_STRICT_OBJC_MSGSEND = YES;
				GCC_C_LANGUAGE_STANDARD = gnu99;
				GCC_NO_COMMON_BLOCKS = YES;
				GCC_WARN_64_TO_32_BIT_CONVERSION = YES;
				GCC_WARN_ABOUT_RETURN_TYPE = YES_ERROR;
				GCC_WARN_UNDECLARED_SELECTOR = YES;
				GCC_WARN_UNINITIALIZED_AUTOS = YES_AGGRESSIVE;
				GCC_WARN_UNUSED_FUNCTION = YES;
				GCC_WARN_UNUSED_VARIABLE = YES;
				IPHONEOS_DEPLOYMENT_TARGET = 10.3;
				MTL_ENABLE_DEBUG_INFO = NO;
				SDKROOT = iphoneos;
				SWIFT_OPTIMIZATION_LEVEL = "-Owholemodule";
				TARGETED_DEVICE_FAMILY = "1,2";
				VALIDATE_PRODUCT = YES;
			};
			name = Release;
		};
		9C63729B1F3F75BE007046AB /* Debug */ = {
			isa = XCBuildConfiguration;
			buildSettings = {
				ASSETCATALOG_COMPILER_APPICON_NAME = AppIcon;
				DEVELOPMENT_TEAM = T5GBPG2G7Z;
				INFOPLIST_FILE = Askme/Info.plist;
				LD_RUNPATH_SEARCH_PATHS = "$(inherited) @executable_path/Frameworks";
				PRODUCT_BUNDLE_IDENTIFIER = com.zarrazvand.Askme;
				PRODUCT_NAME = "$(TARGET_NAME)";
				SWIFT_VERSION = 3.0;
			};
			name = Debug;
		};
		9C63729C1F3F75BE007046AB /* Release */ = {
			isa = XCBuildConfiguration;
			buildSettings = {
				ASSETCATALOG_COMPILER_APPICON_NAME = AppIcon;
				DEVELOPMENT_TEAM = T5GBPG2G7Z;
				INFOPLIST_FILE = Askme/Info.plist;
				LD_RUNPATH_SEARCH_PATHS = "$(inherited) @executable_path/Frameworks";
				PRODUCT_BUNDLE_IDENTIFIER = com.zarrazvand.Askme;
				PRODUCT_NAME = "$(TARGET_NAME)";
				SWIFT_VERSION = 3.0;
			};
			name = Release;
		};
/* End XCBuildConfiguration section */

/* Begin XCConfigurationList section */
		9C6372831F3F75BE007046AB /* Build configuration list for PBXProject "Askme" */ = {
			isa = XCConfigurationList;
			buildConfigurations = (
				9C6372981F3F75BE007046AB /* Debug */,
				9C6372991F3F75BE007046AB /* Release */,
			);
			defaultConfigurationIsVisible = 0;
			defaultConfigurationName = Release;
		};
		9C63729A1F3F75BE007046AB /* Build configuration list for PBXNativeTarget "Askme" */ = {
			isa = XCConfigurationList;
			buildConfigurations = (
				9C63729B1F3F75BE007046AB /* Debug */,
				9C63729C1F3F75BE007046AB /* Release */,
			);
			defaultConfigurationIsVisible = 0;
			defaultConfigurationName = Release;
		};
/* End XCConfigurationList section */
	};
	rootObject = 9C6372801F3F75BE007046AB /* Project object */;
}
